
Microsoft Visual Studio Solution File, Format Version 12.00
# Visual Studio Version 17
VisualStudioVersion = 17.6.33815.320
MinimumVisualStudioVersion = 10.0.40219.1
Project("{9A19103F-16F7-4668-BE54-9A1E7A4F7556}") = "MetalPipeMod", "MetalPipeMod.csproj", "{FC27B8A4-6657-477A-A868-B582B06BB27B}"
EndProject
Global
	GlobalSection(SolutionConfigurationPlatforms) = preSolution
		Debug|Any CPU = Debug|Any CPU
		Release|Any CPU = Release|Any CPU
	EndGlobalSection
	GlobalSection(ProjectConfigurationPlatforms) = postSolution
		{FC27B8A4-6657-477A-A868-B582B06BB27B}.Debug|Any CPU.ActiveCfg = Debug|Any CPU
		{FC27B8A4-6657-477A-A868-B582B06BB27B}.Debug|Any CPU.Build.0 = Debug|Any CPU
		{FC27B8A4-6657-477A-A868-B582B06BB27B}.Release|Any CPU.ActiveCfg = Release|Any CPU
		{FC27B8A4-6657-477A-A868-B582B06BB27B}.Release|Any CPU.Build.0 = Release|Any CPU
	EndGlobalSection
	GlobalSection(SolutionProperties) = preSolution
		HideSolutionNode = FALSE
	EndGlobalSection
	GlobalSection(ExtensibilityGlobals) = postSolution
		SolutionGuid = {BB7B1230-4FB7-420C-BE40-1A49B6843339}
	EndGlobalSection
EndGlobal
